# This file is automatically @generated by Cargo.
# It is not intended for manual editing.
version = 4

[[package]]
name = "severian-abi"
version = "0.1.0"

[[package]]
name = "severian-ast"
version = "0.1.0"
dependencies = [
 "severian-source",
]

[[package]]
name = "severian-backend"
version = "0.1.0"
dependencies = [
 "severian-lir",
]

[[package]]
name = "severian-bootstrap"
version = "0.1.0"
dependencies = [
 "severian-ast",
 "severian-diagnostics",
 "severian-lexer",
 "severian-parser",
 "severian-primitives",
 "severian-source",
 "severian-universal",
]

[[package]]
name = "severian-diagnostics"
version = "0.1.0"
dependencies = [
 "severian-source",
]

[[package]]
name = "severian-driver"
version = "0.1.0"
dependencies = [
 "severian-backend",
 "severian-bootstrap",
 "severian-diagnostics",
 "severian-lexer",
 "severian-lowering",
 "severian-mir",
 "severian-ownership",
 "severian-parser",
 "severian-semantic",
 "severian-source",
 "severian-universal",
]

[[package]]
name = "severian-hir"
version = "0.1.0"
dependencies = [
 "severian-source",
 "severian-universal",
]

[[package]]
name = "severian-interface"
version = "0.1.0"
dependencies = [
 "severian-universal",
]

[[package]]
name = "severian-lexer"
version = "0.1.0"
dependencies = [
 "severian-diagnostics",
 "severian-source",
]

[[package]]
name = "severian-lir"
version = "0.1.0"

[[package]]
name = "severian-lowering"
version = "0.1.0"
dependencies = [
 "severian-lir",
 "severian-mir",
 "severian-universal",
]

[[package]]
name = "severian-mir"
version = "0.1.0"
dependencies = [
 "severian-hir",
 "severian-universal",
]

[[package]]
name = "severian-mlir"
version = "0.1.0"
dependencies = [
 "severian-lir",
]

[[package]]
name = "severian-ownership"
version = "0.1.0"
dependencies = [
 "severian-diagnostics",
 "severian-hir",
]

[[package]]
name = "severian-parser"
version = "0.1.0"
dependencies = [
 "severian-ast",
 "severian-diagnostics",
 "severian-lexer",
 "severian-source",
]

[[package]]
name = "severian-primitives"
version = "0.1.0"

[[package]]
name = "severian-semantic"
version = "0.1.0"
dependencies = [
 "severian-ast",
 "severian-bootstrap",
 "severian-diagnostics",
 "severian-hir",
 "severian-lexer",
 "severian-parser",
 "severian-source",
 "severian-universal",
]

[[package]]
name = "severian-source"
version = "0.1.0"

[[package]]
name = "severian-universal"
version = "0.1.0"
