# This file is automatically @generated by Cargo.
# It is not intended for manual editing.
version = 4

[[package]]
name = "severian-ast"
version = "0.1.0"

[[package]]
name = "severian-driver"
version = "0.1.0"
dependencies = [
 "severian-ast",
 "severian-hir",
 "severian-lexer",
 "severian-lowering",
 "severian-mlir",
 "severian-ownership",
 "severian-parser",
 "severian-semantic",
]

[[package]]
name = "severian-hir"
version = "0.1.0"

[[package]]
name = "severian-lexer"
version = "0.1.0"
dependencies = [
 "severian-ast",
]

[[package]]
name = "severian-lowering"
version = "0.1.0"
dependencies = [
 "severian-hir",
 "severian-mlir",
]

[[package]]
name = "severian-mlir"
version = "0.1.0"

[[package]]
name = "severian-ownership"
version = "0.1.0"
dependencies = [
 "severian-hir",
]

[[package]]
name = "severian-parser"
version = "0.1.0"
dependencies = [
 "severian-ast",
 "severian-lexer",
]

[[package]]
name = "severian-semantic"
version = "0.1.0"
dependencies = [
 "severian-ast",
 "severian-hir",
 "severian-lexer",
 "severian-parser",
]
