# Generated by Severian. Do not edit manually.
version = 1

[[package]]
name = "05-building"
version = "0.1.0"
source = "root"
dependencies = [
    "geometry 0.3.1",
    "http 2.4.0",
    "image-utils 0.8.2",
]

[[package]]
name = "geometry"
version = "0.3.1"
source = "path+../geometry"
dependencies = []

[[package]]
name = "http"
version = "2.4.0"
source = "registry+https://packages.severian.dev"
checksum = "sha256:30ab7f..."
dependencies = [
    "tls 1.7.2",
    "url 3.1.0",
]

[[package]]
name = "tls"
version = "1.7.2"
source = "registry+https://packages.severian.dev"
checksum = "sha256:81bd22..."
dependencies = []

[[package]]
name = "url"
version = "3.1.0"
source = "registry+https://packages.severian.dev"
checksum = "sha256:9ca101..."
dependencies = []

[[package]]
name = "image-utils"
version = "0.8.2"
source = "git+https://github.com/example/image-utils"
revision = "29ed73816112a61a17fe937e7513bb567786e36a"
checksum = "sha256:67fbd9..."
dependencies = []

[system]
example-tool = ">=1.0"

[install.example-tool]
publisher = "verified-publisher"
package = "vendor-package-name"
source = "vendor"

[[system]]
name = "example-tool"
version = "1.6.4"
provider = "vendor"
publisher = "verified-publisher"
package = "vendor-package-name"
checksum = "sha256:..."

[[package]]
name = "http"
version = "2.4.0"
source = "registry+https://packages.severian.dev"
checksum = "sha256:..."
features = ["tls", "http2"]
dependencies = [
    "tls 1.7.2",
    "url 3.1.0",
]