{
  "version": 1,
  "package": [{"name": "abi", "version": "0.1.0", "source": "path:/home/tplayer/Documents/Severian/library/interop/abi", "dependencies": []}, {"name": "core.memory", "version": "0.1.0", "source": "path:/home/tplayer/Documents/Severian/library/core/memory", "dependencies": []}, {"name": "core.storage", "version": "0.1.0", "source": "path:/home/tplayer/Documents/Severian/library/core/storage", "dependencies": ["core.memory 0.1.0 path:/home/tplayer/Documents/Severian/library/core/memory"]}, {"name": "data", "version": "0.1.0", "source": "path:/home/tplayer/Documents/Severian/library/data", "dependencies": ["tensor 0.1.0 path:/home/tplayer/Documents/Severian/library/compute/tensor"]}, {"name": "environment", "version": "0.1.0", "source": "path:/home/tplayer/Documents/Severian/library/system/environment", "dependencies": ["system 0.1.0 path:/home/tplayer/Documents/Severian/library/system"]}, {"name": "ffi", "version": "0.1.0", "source": "path:/home/tplayer/Documents/Severian/library/interop/ffi", "dependencies": ["abi 0.1.0 path:/home/tplayer/Documents/Severian/library/interop/abi"]}, {"name": "file", "version": "0.1.0", "source": "path:/home/tplayer/Documents/Severian/library/system/file", "dependencies": ["core.memory 0.1.0 path:/home/tplayer/Documents/Severian/library/core/memory", "core.storage 0.1.0 path:/home/tplayer/Documents/Severian/library/core/storage", "data 0.1.0 path:/home/tplayer/Documents/Severian/library/data", "io 0.1.0 path:/home/tplayer/Documents/Severian/library/system/io", "os 0.1.0 path:/home/tplayer/Documents/Severian/library/system/os", "system 0.1.0 path:/home/tplayer/Documents/Severian/library/system"]}, {"name": "io", "version": "0.1.0", "source": "path:/home/tplayer/Documents/Severian/library/system/io", "dependencies": ["core.memory 0.1.0 path:/home/tplayer/Documents/Severian/library/core/memory", "xxi 0.1.0 path:/home/tplayer/Documents/Severian/library/interop/xxi"]}, {"name": "os", "version": "0.1.0", "source": "path:/home/tplayer/Documents/Severian/library/system/os", "dependencies": ["system 0.1.0 path:/home/tplayer/Documents/Severian/library/system"]}, {"name": "package", "version": "0.1.0", "source": "path:/home/tplayer/Documents/Severian/library/package", "dependencies": ["environment 0.1.0 path:/home/tplayer/Documents/Severian/library/system/environment", "file 0.1.0 path:/home/tplayer/Documents/Severian/library/system/file", "os 0.1.0 path:/home/tplayer/Documents/Severian/library/system/os", "path 0.1.0 path:/home/tplayer/Documents/Severian/library/system/path", "process 0.1.0 path:/home/tplayer/Documents/Severian/library/system/process", "sev-compiler-lexer 0.1.0 path:/home/tplayer/Documents/Severian/sev_compiler/frontend/lexer", "sev-compiler-source 0.1.0 path:/home/tplayer/Documents/Severian/sev_compiler/source", "time 0.1.0 path:/home/tplayer/Documents/Severian/library/core/time"]}, {"name": "package-quality-tests", "version": "0.1.0", "source": "root", "dependencies": ["package 0.1.0 path:/home/tplayer/Documents/Severian/library/package"]}, {"name": "path", "version": "0.1.0", "source": "path:/home/tplayer/Documents/Severian/library/system/path", "dependencies": []}, {"name": "process", "version": "0.1.0", "source": "path:/home/tplayer/Documents/Severian/library/system/process", "dependencies": ["system 0.1.0 path:/home/tplayer/Documents/Severian/library/system"]}, {"name": "profiling", "version": "0.1.0", "source": "path:/home/tplayer/Documents/Severian/library/system/profiling", "dependencies": ["core.memory 0.1.0 path:/home/tplayer/Documents/Severian/library/core/memory", "core.storage 0.1.0 path:/home/tplayer/Documents/Severian/library/core/storage", "process 0.1.0 path:/home/tplayer/Documents/Severian/library/system/process"]}, {"name": "sev-compiler-diagnostics", "version": "0.1.0", "source": "path:/home/tplayer/Documents/Severian/sev_compiler/diagnostics", "dependencies": ["sev-compiler-source 0.1.0 path:/home/tplayer/Documents/Severian/sev_compiler/source"]}, {"name": "sev-compiler-lexer", "version": "0.1.0", "source": "path:/home/tplayer/Documents/Severian/sev_compiler/frontend/lexer", "dependencies": ["profiling 0.1.0 path:/home/tplayer/Documents/Severian/library/system/profiling", "sev-compiler-diagnostics 0.1.0 path:/home/tplayer/Documents/Severian/sev_compiler/diagnostics", "sev-compiler-source 0.1.0 path:/home/tplayer/Documents/Severian/sev_compiler/source", "sev-compiler-universal 0.1.0 path:/home/tplayer/Documents/Severian/sev_compiler/universal"]}, {"name": "sev-compiler-source", "version": "0.1.0", "source": "path:/home/tplayer/Documents/Severian/sev_compiler/source", "dependencies": ["file 0.1.0 path:/home/tplayer/Documents/Severian/library/system/file", "io 0.1.0 path:/home/tplayer/Documents/Severian/library/system/io", "os 0.1.0 path:/home/tplayer/Documents/Severian/library/system/os"]}, {"name": "sev-compiler-universal", "version": "0.1.0", "source": "path:/home/tplayer/Documents/Severian/sev_compiler/universal", "dependencies": ["profiling 0.1.0 path:/home/tplayer/Documents/Severian/library/system/profiling", "sev-compiler-diagnostics 0.1.0 path:/home/tplayer/Documents/Severian/sev_compiler/diagnostics", "sev-compiler-source 0.1.0 path:/home/tplayer/Documents/Severian/sev_compiler/source"]}, {"name": "system", "version": "0.1.0", "source": "path:/home/tplayer/Documents/Severian/library/system", "dependencies": []}, {"name": "tensor", "version": "0.1.0", "source": "path:/home/tplayer/Documents/Severian/library/compute/tensor", "dependencies": ["os 0.1.0 path:/home/tplayer/Documents/Severian/library/system/os"]}, {"name": "time", "version": "0.1.0", "source": "path:/home/tplayer/Documents/Severian/library/core/time", "dependencies": ["io 0.1.0 path:/home/tplayer/Documents/Severian/library/system/io", "system 0.1.0 path:/home/tplayer/Documents/Severian/library/system"]}, {"name": "xxi", "version": "0.1.0", "source": "path:/home/tplayer/Documents/Severian/library/interop/xxi", "dependencies": ["abi 0.1.0 path:/home/tplayer/Documents/Severian/library/interop/abi", "core.memory 0.1.0 path:/home/tplayer/Documents/Severian/library/core/memory", "core.storage 0.1.0 path:/home/tplayer/Documents/Severian/library/core/storage", "ffi 0.1.0 path:/home/tplayer/Documents/Severian/library/interop/ffi", "process 0.1.0 path:/home/tplayer/Documents/Severian/library/system/process"]}]
}
