{
  "version": 1,
  "package": [{"name": "abi", "version": "0.1.0", "source": "path:/home/tplayer/Documents/Severian/library/interop/abi", "dependencies": []}, {"name": "core.memory", "version": "0.1.0", "source": "path:/home/tplayer/Documents/Severian/library/core/memory", "dependencies": []}, {"name": "core.storage", "version": "0.1.0", "source": "path:/home/tplayer/Documents/Severian/library/core/storage", "dependencies": ["core.memory 0.1.0 path:/home/tplayer/Documents/Severian/library/core/memory"]}, {"name": "data", "version": "0.1.0", "source": "path:/home/tplayer/Documents/Severian/library/data", "dependencies": ["tensor 0.1.0 path:/home/tplayer/Documents/Severian/library/compute/tensor"]}, {"name": "ffi", "version": "0.1.0", "source": "path:/home/tplayer/Documents/Severian/library/interop/ffi", "dependencies": ["abi 0.1.0 path:/home/tplayer/Documents/Severian/library/interop/abi"]}, {"name": "file", "version": "0.1.0", "source": "path:/home/tplayer/Documents/Severian/library/system/file", "dependencies": ["core.memory 0.1.0 path:/home/tplayer/Documents/Severian/library/core/memory", "core.storage 0.1.0 path:/home/tplayer/Documents/Severian/library/core/storage", "data 0.1.0 path:/home/tplayer/Documents/Severian/library/data", "io 0.1.0 path:/home/tplayer/Documents/Severian/library/system/io", "os 0.1.0 path:/home/tplayer/Documents/Severian/library/system/os", "system 0.1.0 path:/home/tplayer/Documents/Severian/library/system"]}, {"name": "io", "version": "0.1.0", "source": "path:/home/tplayer/Documents/Severian/library/system/io", "dependencies": ["core.memory 0.1.0 path:/home/tplayer/Documents/Severian/library/core/memory", "xxi 0.1.0 path:/home/tplayer/Documents/Severian/library/interop/xxi"]}, {"name": "os", "version": "0.1.0", "source": "path:/home/tplayer/Documents/Severian/library/system/os", "dependencies": ["system 0.1.0 path:/home/tplayer/Documents/Severian/library/system"]}, {"name": "process", "version": "0.1.0", "source": "path:/home/tplayer/Documents/Severian/library/system/process", "dependencies": ["system 0.1.0 path:/home/tplayer/Documents/Severian/library/system"]}, {"name": "sev-compiler-types", "version": "0.1.0", "source": "root", "dependencies": ["file 0.1.0 path:/home/tplayer/Documents/Severian/library/system/file"]}, {"name": "system", "version": "0.1.0", "source": "path:/home/tplayer/Documents/Severian/library/system", "dependencies": []}, {"name": "tensor", "version": "0.1.0", "source": "path:/home/tplayer/Documents/Severian/library/compute/tensor", "dependencies": ["os 0.1.0 path:/home/tplayer/Documents/Severian/library/system/os"]}, {"name": "xxi", "version": "0.1.0", "source": "path:/home/tplayer/Documents/Severian/library/interop/xxi", "dependencies": ["abi 0.1.0 path:/home/tplayer/Documents/Severian/library/interop/abi", "core.memory 0.1.0 path:/home/tplayer/Documents/Severian/library/core/memory", "core.storage 0.1.0 path:/home/tplayer/Documents/Severian/library/core/storage", "ffi 0.1.0 path:/home/tplayer/Documents/Severian/library/interop/ffi", "process 0.1.0 path:/home/tplayer/Documents/Severian/library/system/process"]}]
}
